PODS:
  - Alamofire (4.6.0)
  - ChameleonFramework (2.1.0):
    - ChameleonFramework/Default (= 2.1.0)
  - ChameleonFramework/Default (2.1.0)
  - Kingfisher (4.6.2)
  - Nimble (7.0.3)
  - Quick (1.2.0)
  - SwiftyJSON (4.0.0)
  - TMDbFramework (1.1.1):
    - Alamofire
    - ChameleonFramework
    - SwiftyJSON

DEPENDENCIES:
  - Alamofire
  - ChameleonFramework
  - Kingfisher
  - Nimble
  - Quick
  - SwiftyJSON
  - TMDbFramework (from `../`)

EXTERNAL SOURCES:
  TMDbFramework:
    :path: ../

SPEC CHECKSUMS:
  Alamofire: f41a599bd63041760b26d393ec1069d9d7b917f4
  ChameleonFramework: d21a3cc247abfe5e37609a283a8238b03575cf64
  Kingfisher: 55b9c395bf8d3949676ad3861111923990ab68cf
  Nimble: 7f5a9c447a33002645a071bddafbfb24ea70e0ac
  Quick: 58d203b1c5e27fff7229c4c1ae445ad7069a7a08
  SwiftyJSON: 070dabdcb1beb81b247c65ffa3a79dbbfb3b48aa
  TMDbFramework: 9918352462af07da92494cf5ead06d1744840188

PODFILE CHECKSUM: 9a28dcab50803ebd38c58d1da0c3ee7066f16041

COCOAPODS: 1.4.0
