// !$*UTF8*$!
{
	archiveVersion = 1;
	classes = {
	};
	objectVersion = 46;
	objects = {

/* Begin PBXBuildFile section */
		33A9D241DB981B9D3747C396 /* Pods_TMDbFramework_Example.framework in Frameworks */ = {isa = PBXBuildFile; fileRef = 85AB4CC00180E3D4D302D901 /* Pods_TMDbFramework_Example.framework */; };
		607FACD61AFB9204008FA782 /* AppDelegate.swift in Sources */ = {isa = PBXBuildFile; fileRef = 607FACD51AFB9204008FA782 /* AppDelegate.swift */; };
		607FACDD1AFB9204008FA782 /* Images.xcassets in Resources */ = {isa = PBXBuildFile; fileRef = 607FACDC1AFB9204008FA782 /* Images.xcassets */; };
		607FACE01AFB9204008FA782 /* LaunchScreen.xib in Resources */ = {isa = PBXBuildFile; fileRef = 607FACDE1AFB9204008FA782 /* LaunchScreen.xib */; };
		980CDC1D1F3CE49E00025716 /* TMDbRetrierTest.swift in Sources */ = {isa = PBXBuildFile; fileRef = 980CDC1B1F3CE49100025716 /* TMDbRetrierTest.swift */; };
		981FFF351F38E1A1006FE8F5 /* TMDbMoviesTest.swift in Sources */ = {isa = PBXBuildFile; fileRef = 981FFF341F38E1A1006FE8F5 /* TMDbMoviesTest.swift */; };
		981FFF3A1F38FE03006FE8F5 /* TMDbGenreTest.swift in Sources */ = {isa = PBXBuildFile; fileRef = 981FFF391F38FE03006FE8F5 /* TMDbGenreTest.swift */; };
		98229C6220628B72005ACE33 /* MovieDetailViewModel.swift in Sources */ = {isa = PBXBuildFile; fileRef = 98229C6120628B72005ACE33 /* MovieDetailViewModel.swift */; };
		9859A0CB1F3B894F00F8D37C /* TMDbConfigurationsTest.swift in Sources */ = {isa = PBXBuildFile; fileRef = 9859A0CA1F3B894F00F8D37C /* TMDbConfigurationsTest.swift */; };
		98A3E96B1F575B41000297F7 /* icon512.png in Resources */ = {isa = PBXBuildFile; fileRef = 98A3E96A1F575B41000297F7 /* icon512.png */; };
		98A69F761F44DEC900116DEC /* TMDbCastTest.swift in Sources */ = {isa = PBXBuildFile; fileRef = 98A69F741F44DEAA00116DEC /* TMDbCastTest.swift */; };
		98DFAF741F3CC275007212AD /* TMDbImageTest.swift in Sources */ = {isa = PBXBuildFile; fileRef = 98DFAF731F3CC275007212AD /* TMDbImageTest.swift */; };
		98E73D331F5099F20059AEF1 /* manProfile.png in Resources */ = {isa = PBXBuildFile; fileRef = 98E73D311F5099F20059AEF1 /* manProfile.png */; };
		98E73D341F5099F20059AEF1 /* womanProfile.png in Resources */ = {isa = PBXBuildFile; fileRef = 98E73D321F5099F20059AEF1 /* womanProfile.png */; };
		98F9B16D1F472AC9006F64D0 /* ReleaseDateCell.swift in Sources */ = {isa = PBXBuildFile; fileRef = 98F9B16C1F472AC9006F64D0 /* ReleaseDateCell.swift */; };
		98F9B16F1F472ADA006F64D0 /* OverviewCell.swift in Sources */ = {isa = PBXBuildFile; fileRef = 98F9B16E1F472ADA006F64D0 /* OverviewCell.swift */; };
		98F9B1711F472AEA006F64D0 /* CastCell.swift in Sources */ = {isa = PBXBuildFile; fileRef = 98F9B1701F472AEA006F64D0 /* CastCell.swift */; };
		98F9B1731F4752F1006F64D0 /* BaseCell.swift in Sources */ = {isa = PBXBuildFile; fileRef = 98F9B1721F4752F1006F64D0 /* BaseCell.swift */; };
		9D5F560BB9870B20A78EE0A0 /* Pods_TMDbFramework_Tests.framework in Frameworks */ = {isa = PBXBuildFile; fileRef = B9D4FE5699E5CE2C57CAFF37 /* Pods_TMDbFramework_Tests.framework */; };
		A70BF5491F4548C0005C3841 /* MovieListViewModel.swift in Sources */ = {isa = PBXBuildFile; fileRef = A70BF5481F4548C0005C3841 /* MovieListViewModel.swift */; };
		A72855D41F4679610066408D /* BrackdropCell.swift in Sources */ = {isa = PBXBuildFile; fileRef = A72855D31F4679610066408D /* BrackdropCell.swift */; };
		A742DFED202D396300A77BDB /* TMDbPeopleTest.swift in Sources */ = {isa = PBXBuildFile; fileRef = A742DFEC202D396300A77BDB /* TMDbPeopleTest.swift */; };
		A77641AC1F33EEFF00717FBD /* AboutViewController.swift in Sources */ = {isa = PBXBuildFile; fileRef = A776418E1F33EEFF00717FBD /* AboutViewController.swift */; };
		A77641BE1F33EEFF00717FBD /* LaunchImage.png in Resources */ = {isa = PBXBuildFile; fileRef = A77641A01F33EEFF00717FBD /* LaunchImage.png */; };
		A77641BF1F33EEFF00717FBD /* LaunchPoster.png in Resources */ = {isa = PBXBuildFile; fileRef = A77641A11F33EEFF00717FBD /* LaunchPoster.png */; };
		A77641C31F33EEFF00717FBD /* movieDBAttr.png in Resources */ = {isa = PBXBuildFile; fileRef = A77641A51F33EEFF00717FBD /* movieDBAttr.png */; };
		A77641C41F33EEFF00717FBD /* MovieDetailViewController.swift in Sources */ = {isa = PBXBuildFile; fileRef = A77641A61F33EEFF00717FBD /* MovieDetailViewController.swift */; };
		A77641C61F33EEFF00717FBD /* MovieListViewCell.swift in Sources */ = {isa = PBXBuildFile; fileRef = A77641A81F33EEFF00717FBD /* MovieListViewCell.swift */; };
		A77641C71F33EEFF00717FBD /* MovieListViewController.swift in Sources */ = {isa = PBXBuildFile; fileRef = A77641A91F33EEFF00717FBD /* MovieListViewController.swift */; };
		A77641C81F33EEFF00717FBD /* NoPoster.png in Resources */ = {isa = PBXBuildFile; fileRef = A77641AA1F33EEFF00717FBD /* NoPoster.png */; };
		A77641C91F33EEFF00717FBD /* NoPosterNew.png in Resources */ = {isa = PBXBuildFile; fileRef = A77641AB1F33EEFF00717FBD /* NoPosterNew.png */; };
		A77641CE1F33F09000717FBD /* Main.storyboard in Resources */ = {isa = PBXBuildFile; fileRef = A77641CD1F33F09000717FBD /* Main.storyboard */; };
/* End PBXBuildFile section */

/* Begin PBXContainerItemProxy section */
		607FACE61AFB9204008FA782 /* PBXContainerItemProxy */ = {
			isa = PBXContainerItemProxy;
			containerPortal = 607FACC81AFB9204008FA782 /* Project object */;
			proxyType = 1;
			remoteGlobalIDString = 607FACCF1AFB9204008FA782;
			remoteInfo = TMDbFramework;
		};
/* End PBXContainerItemProxy section */

/* Begin PBXFileReference section */
		06E3734D34D593D7FA991F83 /* Pods-TMDbFramework_Example.debug.xcconfig */ = {isa = PBXFileReference; includeInIndex = 1; lastKnownFileType = text.xcconfig; name = "Pods-TMDbFramework_Example.debug.xcconfig"; path = "Pods/Target Support Files/Pods-TMDbFramework_Example/Pods-TMDbFramework_Example.debug.xcconfig"; sourceTree = "<group>"; };
		0AC24BC84B239B06C942D0EB /* Pods-TMDbFramework_Tests.debug.xcconfig */ = {isa = PBXFileReference; includeInIndex = 1; lastKnownFileType = text.xcconfig; name = "Pods-TMDbFramework_Tests.debug.xcconfig"; path = "Pods/Target Support Files/Pods-TMDbFramework_Tests/Pods-TMDbFramework_Tests.debug.xcconfig"; sourceTree = "<group>"; };
		1A04804CDEFC58C1A66FB5DC /* TMDbFramework.podspec */ = {isa = PBXFileReference; includeInIndex = 1; lastKnownFileType = text; name = TMDbFramework.podspec; path = ../TMDbFramework.podspec; sourceTree = "<group>"; xcLanguageSpecificationIdentifier = xcode.lang.ruby; };
		2059AC8071557FC6582E1F95 /* README.md */ = {isa = PBXFileReference; includeInIndex = 1; lastKnownFileType = net.daringfireball.markdown; name = README.md; path = ../README.md; sourceTree = "<group>"; };
		2406B7BC29060D12FA368BB4 /* Pods-TMDbFramework_Example.release.xcconfig */ = {isa = PBXFileReference; includeInIndex = 1; lastKnownFileType = text.xcconfig; name = "Pods-TMDbFramework_Example.release.xcconfig"; path = "Pods/Target Support Files/Pods-TMDbFramework_Example/Pods-TMDbFramework_Example.release.xcconfig"; sourceTree = "<group>"; };
		607FACD01AFB9204008FA782 /* TMDbFramework_Example.app */ = {isa = PBXFileReference; explicitFileType = wrapper.application; includeInIndex = 0; path = TMDbFramework_Example.app; sourceTree = BUILT_PRODUCTS_DIR; };
		607FACD41AFB9204008FA782 /* Info.plist */ = {isa = PBXFileReference; lastKnownFileType = text.plist.xml; path = Info.plist; sourceTree = "<group>"; };
		607FACD51AFB9204008FA782 /* AppDelegate.swift */ = {isa = PBXFileReference; lastKnownFileType = sourcecode.swift; path = AppDelegate.swift; sourceTree = "<group>"; };
		607FACDC1AFB9204008FA782 /* Images.xcassets */ = {isa = PBXFileReference; lastKnownFileType = folder.assetcatalog; path = Images.xcassets; sourceTree = "<group>"; };
		607FACDF1AFB9204008FA782 /* Base */ = {isa = PBXFileReference; lastKnownFileType = file.xib; name = Base; path = Base.lproj/LaunchScreen.xib; sourceTree = "<group>"; };
		607FACE51AFB9204008FA782 /* TMDbFramework_Tests.xctest */ = {isa = PBXFileReference; explicitFileType = wrapper.cfbundle; includeInIndex = 0; path = TMDbFramework_Tests.xctest; sourceTree = BUILT_PRODUCTS_DIR; };
		607FACEA1AFB9204008FA782 /* Info.plist */ = {isa = PBXFileReference; lastKnownFileType = text.plist.xml; path = Info.plist; sourceTree = "<group>"; };
		6286457B6FFA4977C4E3269D /* LICENSE */ = {isa = PBXFileReference; includeInIndex = 1; lastKnownFileType = text; name = LICENSE; path = ../LICENSE; sourceTree = "<group>"; };
		85AB4CC00180E3D4D302D901 /* Pods_TMDbFramework_Example.framework */ = {isa = PBXFileReference; explicitFileType = wrapper.framework; includeInIndex = 0; path = Pods_TMDbFramework_Example.framework; sourceTree = BUILT_PRODUCTS_DIR; };
		980CDC1B1F3CE49100025716 /* TMDbRetrierTest.swift */ = {isa = PBXFileReference; fileEncoding = 4; lastKnownFileType = sourcecode.swift; path = TMDbRetrierTest.swift; sourceTree = "<group>"; };
		981FFF341F38E1A1006FE8F5 /* TMDbMoviesTest.swift */ = {isa = PBXFileReference; fileEncoding = 4; lastKnownFileType = sourcecode.swift; path = TMDbMoviesTest.swift; sourceTree = "<group>"; };
		981FFF391F38FE03006FE8F5 /* TMDbGenreTest.swift */ = {isa = PBXFileReference; fileEncoding = 4; lastKnownFileType = sourcecode.swift; path = TMDbGenreTest.swift; sourceTree = "<group>"; };
		98229C6120628B72005ACE33 /* MovieDetailViewModel.swift */ = {isa = PBXFileReference; lastKnownFileType = sourcecode.swift; path = MovieDetailViewModel.swift; sourceTree = "<group>"; };
		9859A0CA1F3B894F00F8D37C /* TMDbConfigurationsTest.swift */ = {isa = PBXFileReference; fileEncoding = 4; lastKnownFileType = sourcecode.swift; path = TMDbConfigurationsTest.swift; sourceTree = "<group>"; };
		98A3E96A1F575B41000297F7 /* icon512.png */ = {isa = PBXFileReference; lastKnownFileType = image.png; path = icon512.png; sourceTree = "<group>"; };
		98A69F741F44DEAA00116DEC /* TMDbCastTest.swift */ = {isa = PBXFileReference; fileEncoding = 4; lastKnownFileType = sourcecode.swift; path = TMDbCastTest.swift; sourceTree = "<group>"; };
		98DFAF731F3CC275007212AD /* TMDbImageTest.swift */ = {isa = PBXFileReference; fileEncoding = 4; lastKnownFileType = sourcecode.swift; path = TMDbImageTest.swift; sourceTree = "<group>"; };
		98E73D311F5099F20059AEF1 /* manProfile.png */ = {isa = PBXFileReference; lastKnownFileType = image.png; path = manProfile.png; sourceTree = "<group>"; };
		98E73D321F5099F20059AEF1 /* womanProfile.png */ = {isa = PBXFileReference; lastKnownFileType = image.png; path = womanProfile.png; sourceTree = "<group>"; };
		98F9B16C1F472AC9006F64D0 /* ReleaseDateCell.swift */ = {isa = PBXFileReference; fileEncoding = 4; lastKnownFileType = sourcecode.swift; path = ReleaseDateCell.swift; sourceTree = "<group>"; };
		98F9B16E1F472ADA006F64D0 /* OverviewCell.swift */ = {isa = PBXFileReference; fileEncoding = 4; lastKnownFileType = sourcecode.swift; path = OverviewCell.swift; sourceTree = "<group>"; };
		98F9B1701F472AEA006F64D0 /* CastCell.swift */ = {isa = PBXFileReference; fileEncoding = 4; lastKnownFileType = sourcecode.swift; path = CastCell.swift; sourceTree = "<group>"; };
		98F9B1721F4752F1006F64D0 /* BaseCell.swift */ = {isa = PBXFileReference; fileEncoding = 4; lastKnownFileType = sourcecode.swift; path = BaseCell.swift; sourceTree = "<group>"; };
		A70BF5481F4548C0005C3841 /* MovieListViewModel.swift */ = {isa = PBXFileReference; fileEncoding = 4; lastKnownFileType = sourcecode.swift; path = MovieListViewModel.swift; sourceTree = "<group>"; };
		A72855D31F4679610066408D /* BrackdropCell.swift */ = {isa = PBXFileReference; fileEncoding = 4; lastKnownFileType = sourcecode.swift; path = BrackdropCell.swift; sourceTree = "<group>"; };
		A742DFEC202D396300A77BDB /* TMDbPeopleTest.swift */ = {isa = PBXFileReference; fileEncoding = 4; lastKnownFileType = sourcecode.swift; path = TMDbPeopleTest.swift; sourceTree = "<group>"; };
		A776418E1F33EEFF00717FBD /* AboutViewController.swift */ = {isa = PBXFileReference; fileEncoding = 4; lastKnownFileType = sourcecode.swift; path = AboutViewController.swift; sourceTree = "<group>"; };
		A77641A01F33EEFF00717FBD /* LaunchImage.png */ = {isa = PBXFileReference; lastKnownFileType = image.png; path = LaunchImage.png; sourceTree = "<group>"; };
		A77641A11F33EEFF00717FBD /* LaunchPoster.png */ = {isa = PBXFileReference; lastKnownFileType = image.png; path = LaunchPoster.png; sourceTree = "<group>"; };
		A77641A51F33EEFF00717FBD /* movieDBAttr.png */ = {isa = PBXFileReference; lastKnownFileType = image.png; path = movieDBAttr.png; sourceTree = "<group>"; };
		A77641A61F33EEFF00717FBD /* MovieDetailViewController.swift */ = {isa = PBXFileReference; fileEncoding = 4; lastKnownFileType = sourcecode.swift; path = MovieDetailViewController.swift; sourceTree = "<group>"; };
		A77641A81F33EEFF00717FBD /* MovieListViewCell.swift */ = {isa = PBXFileReference; fileEncoding = 4; lastKnownFileType = sourcecode.swift; path = MovieListViewCell.swift; sourceTree = "<group>"; };
		A77641A91F33EEFF00717FBD /* MovieListViewController.swift */ = {isa = PBXFileReference; fileEncoding = 4; lastKnownFileType = sourcecode.swift; path = MovieListViewController.swift; sourceTree = "<group>"; };
		A77641AA1F33EEFF00717FBD /* NoPoster.png */ = {isa = PBXFileReference; lastKnownFileType = image.png; path = NoPoster.png; sourceTree = "<group>"; };
		A77641AB1F33EEFF00717FBD /* NoPosterNew.png */ = {isa = PBXFileReference; lastKnownFileType = image.png; path = NoPosterNew.png; sourceTree = "<group>"; };
		A77641CD1F33F09000717FBD /* Main.storyboard */ = {isa = PBXFileReference; fileEncoding = 4; lastKnownFileType = file.storyboard; path = Main.storyboard; sourceTree = "<group>"; };
		B9D4FE5699E5CE2C57CAFF37 /* Pods_TMDbFramework_Tests.framework */ = {isa = PBXFileReference; explicitFileType = wrapper.framework; includeInIndex = 0; path = Pods_TMDbFramework_Tests.framework; sourceTree = BUILT_PRODUCTS_DIR; };
		C0D6812ABAA734AE4D39A7C9 /* Pods-TMDbFramework_Tests.release.xcconfig */ = {isa = PBXFileReference; includeInIndex = 1; lastKnownFileType = text.xcconfig; name = "Pods-TMDbFramework_Tests.release.xcconfig"; path = "Pods/Target Support Files/Pods-TMDbFramework_Tests/Pods-TMDbFramework_Tests.release.xcconfig"; sourceTree = "<group>"; };
/* End PBXFileReference section */

/* Begin PBXFrameworksBuildPhase section */
		607FACCD1AFB9204008FA782 /* Frameworks */ = {
			isa = PBXFrameworksBuildPhase;
			buildActionMask = 2147483647;
			files = (
				33A9D241DB981B9D3747C396 /* Pods_TMDbFramework_Example.framework in Frameworks */,
			);
			runOnlyForDeploymentPostprocessing = 0;
		};
		607FACE21AFB9204008FA782 /* Frameworks */ = {
			isa = PBXFrameworksBuildPhase;
			buildActionMask = 2147483647;
			files = (
				9D5F560BB9870B20A78EE0A0 /* Pods_TMDbFramework_Tests.framework in Frameworks */,
			);
			runOnlyForDeploymentPostprocessing = 0;
		};
/* End PBXFrameworksBuildPhase section */

/* Begin PBXGroup section */
		02CFB76C2106AAA0A9502187 /* Frameworks */ = {
			isa = PBXGroup;
			children = (
				85AB4CC00180E3D4D302D901 /* Pods_TMDbFramework_Example.framework */,
				B9D4FE5699E5CE2C57CAFF37 /* Pods_TMDbFramework_Tests.framework */,
			);
			name = Frameworks;
			sourceTree = "<group>";
		};
		607FACC71AFB9204008FA782 = {
			isa = PBXGroup;
			children = (
				607FACF51AFB993E008FA782 /* Podspec Metadata */,
				607FACD21AFB9204008FA782 /* Example for TMDbFramework */,
				607FACE81AFB9204008FA782 /* Tests */,
				607FACD11AFB9204008FA782 /* Products */,
				C05667B5D0B7337F53030082 /* Pods */,
				02CFB76C2106AAA0A9502187 /* Frameworks */,
			);
			sourceTree = "<group>";
		};
		607FACD11AFB9204008FA782 /* Products */ = {
			isa = PBXGroup;
			children = (
				607FACD01AFB9204008FA782 /* TMDbFramework_Example.app */,
				607FACE51AFB9204008FA782 /* TMDbFramework_Tests.xctest */,
			);
			name = Products;
			sourceTree = "<group>";
		};
		607FACD21AFB9204008FA782 /* Example for TMDbFramework */ = {
			isa = PBXGroup;
			children = (
				A70BF5471F4548AD005C3841 /* ViewModel */,
				A77641CC1F33EFBA00717FBD /* View Controller */,
				607FACD31AFB9204008FA782 /* Supporting Files */,
			);
			name = "Example for TMDbFramework";
			path = TMDbFramework;
			sourceTree = "<group>";
		};
		607FACD31AFB9204008FA782 /* Supporting Files */ = {
			isa = PBXGroup;
			children = (
				A77641A01F33EEFF00717FBD /* LaunchImage.png */,
				A77641A11F33EEFF00717FBD /* LaunchPoster.png */,
				98E73D311F5099F20059AEF1 /* manProfile.png */,
				98E73D321F5099F20059AEF1 /* womanProfile.png */,
				98A3E96A1F575B41000297F7 /* icon512.png */,
				A77641A51F33EEFF00717FBD /* movieDBAttr.png */,
				A77641AA1F33EEFF00717FBD /* NoPoster.png */,
				A77641AB1F33EEFF00717FBD /* NoPosterNew.png */,
				607FACD51AFB9204008FA782 /* AppDelegate.swift */,
				A77641CD1F33F09000717FBD /* Main.storyboard */,
				607FACDC1AFB9204008FA782 /* Images.xcassets */,
				607FACDE1AFB9204008FA782 /* LaunchScreen.xib */,
				607FACD41AFB9204008FA782 /* Info.plist */,
			);
			name = "Supporting Files";
			sourceTree = "<group>";
		};
		607FACE81AFB9204008FA782 /* Tests */ = {
			isa = PBXGroup;
			children = (
				607FACE91AFB9204008FA782 /* Supporting Files */,
				9859A0CA1F3B894F00F8D37C /* TMDbConfigurationsTest.swift */,
				981FFF391F38FE03006FE8F5 /* TMDbGenreTest.swift */,
				981FFF341F38E1A1006FE8F5 /* TMDbMoviesTest.swift */,
				98DFAF731F3CC275007212AD /* TMDbImageTest.swift */,
				980CDC1B1F3CE49100025716 /* TMDbRetrierTest.swift */,
				98A69F741F44DEAA00116DEC /* TMDbCastTest.swift */,
				A742DFEC202D396300A77BDB /* TMDbPeopleTest.swift */,
			);
			path = Tests;
			sourceTree = "<group>";
		};
		607FACE91AFB9204008FA782 /* Supporting Files */ = {
			isa = PBXGroup;
			children = (
				607FACEA1AFB9204008FA782 /* Info.plist */,
			);
			name = "Supporting Files";
			sourceTree = "<group>";
		};
		607FACF51AFB993E008FA782 /* Podspec Metadata */ = {
			isa = PBXGroup;
			children = (
				1A04804CDEFC58C1A66FB5DC /* TMDbFramework.podspec */,
				2059AC8071557FC6582E1F95 /* README.md */,
				6286457B6FFA4977C4E3269D /* LICENSE */,
			);
			name = "Podspec Metadata";
			sourceTree = "<group>";
		};
		A70BF5471F4548AD005C3841 /* ViewModel */ = {
			isa = PBXGroup;
			children = (
				A70BF5481F4548C0005C3841 /* MovieListViewModel.swift */,
				98229C6120628B72005ACE33 /* MovieDetailViewModel.swift */,
			);
			name = ViewModel;
			sourceTree = "<group>";
		};
		A72855CF1F4679070066408D /* Cell */ = {
			isa = PBXGroup;
			children = (
				A77641A81F33EEFF00717FBD /* MovieListViewCell.swift */,
				98F9B1721F4752F1006F64D0 /* BaseCell.swift */,
				A72855D31F4679610066408D /* BrackdropCell.swift */,
				98F9B16C1F472AC9006F64D0 /* ReleaseDateCell.swift */,
				98F9B16E1F472ADA006F64D0 /* OverviewCell.swift */,
				98F9B1701F472AEA006F64D0 /* CastCell.swift */,
			);
			name = Cell;
			sourceTree = "<group>";
		};
		A77641CC1F33EFBA00717FBD /* View Controller */ = {
			isa = PBXGroup;
			children = (
				A77641A91F33EEFF00717FBD /* MovieListViewController.swift */,
				A77641A61F33EEFF00717FBD /* MovieDetailViewController.swift */,
				A776418E1F33EEFF00717FBD /* AboutViewController.swift */,
				A72855CF1F4679070066408D /* Cell */,
			);
			name = "View Controller";
			sourceTree = "<group>";
		};
		C05667B5D0B7337F53030082 /* Pods */ = {
			isa = PBXGroup;
			children = (
				06E3734D34D593D7FA991F83 /* Pods-TMDbFramework_Example.debug.xcconfig */,
				2406B7BC29060D12FA368BB4 /* Pods-TMDbFramework_Example.release.xcconfig */,
				0AC24BC84B239B06C942D0EB /* Pods-TMDbFramework_Tests.debug.xcconfig */,
				C0D6812ABAA734AE4D39A7C9 /* Pods-TMDbFramework_Tests.release.xcconfig */,
			);
			name = Pods;
			sourceTree = "<group>";
		};
/* End PBXGroup section */

/* Begin PBXNativeTarget section */
		607FACCF1AFB9204008FA782 /* TMDbFramework_Example */ = {
			isa = PBXNativeTarget;
			buildConfigurationList = 607FACEF1AFB9204008FA782 /* Build configuration list for PBXNativeTarget "TMDbFramework_Example" */;
			buildPhases = (
				889498531C7699FD24B7EEC8 /* [CP] Check Pods Manifest.lock */,
				607FACCC1AFB9204008FA782 /* Sources */,
				607FACCD1AFB9204008FA782 /* Frameworks */,
				607FACCE1AFB9204008FA782 /* Resources */,
				D34432DD12CE24F39CB7A21A /* [CP] Embed Pods Frameworks */,
				257F0799E599119AA0F4F52F /* [CP] Copy Pods Resources */,
			);
			buildRules = (
			);
			dependencies = (
			);
			name = TMDbFramework_Example;
			productName = TMDbFramework;
			productReference = 607FACD01AFB9204008FA782 /* TMDbFramework_Example.app */;
			productType = "com.apple.product-type.application";
		};
		607FACE41AFB9204008FA782 /* TMDbFramework_Tests */ = {
			isa = PBXNativeTarget;
			buildConfigurationList = 607FACF21AFB9204008FA782 /* Build configuration list for PBXNativeTarget "TMDbFramework_Tests" */;
			buildPhases = (
				5B26FCD5804DA89EE35725B8 /* [CP] Check Pods Manifest.lock */,
				607FACE11AFB9204008FA782 /* Sources */,
				607FACE21AFB9204008FA782 /* Frameworks */,
				607FACE31AFB9204008FA782 /* Resources */,
				3514135AB4C2A404C3EF59E4 /* [CP] Embed Pods Frameworks */,
				3D4F1BEF2191451D1EECCE9C /* [CP] Copy Pods Resources */,
			);
			buildRules = (
			);
			dependencies = (
				607FACE71AFB9204008FA782 /* PBXTargetDependency */,
			);
			name = TMDbFramework_Tests;
			productName = Tests;
			productReference = 607FACE51AFB9204008FA782 /* TMDbFramework_Tests.xctest */;
			productType = "com.apple.product-type.bundle.unit-test";
		};
/* End PBXNativeTarget section */

/* Begin PBXProject section */
		607FACC81AFB9204008FA782 /* Project object */ = {
			isa = PBXProject;
			attributes = {
				LastSwiftUpdateCheck = 0720;
				LastUpgradeCheck = 0820;
				ORGANIZATIONNAME = CocoaPods;
				TargetAttributes = {
					607FACCF1AFB9204008FA782 = {
						CreatedOnToolsVersion = 6.3.1;
						DevelopmentTeam = K2EC4B8BC2;
						LastSwiftMigration = 0820;
					};
					607FACE41AFB9204008FA782 = {
						CreatedOnToolsVersion = 6.3.1;
						DevelopmentTeam = K2EC4B8BC2;
						LastSwiftMigration = 0820;
						TestTargetID = 607FACCF1AFB9204008FA782;
					};
				};
			};
			buildConfigurationList = 607FACCB1AFB9204008FA782 /* Build configuration list for PBXProject "TMDbFramework" */;
			compatibilityVersion = "Xcode 3.2";
			developmentRegion = English;
			hasScannedForEncodings = 0;
			knownRegions = (
				en,
				Base,
			);
			mainGroup = 607FACC71AFB9204008FA782;
			productRefGroup = 607FACD11AFB9204008FA782 /* Products */;
			projectDirPath = "";
			projectRoot = "";
			targets = (
				607FACCF1AFB9204008FA782 /* TMDbFramework_Example */,
				607FACE41AFB9204008FA782 /* TMDbFramework_Tests */,
			);
		};
/* End PBXProject section */

/* Begin PBXResourcesBuildPhase section */
		607FACCE1AFB9204008FA782 /* Resources */ = {
			isa = PBXResourcesBuildPhase;
			buildActionMask = 2147483647;
			files = (
				A77641BF1F33EEFF00717FBD /* LaunchPoster.png in Resources */,
				A77641BE1F33EEFF00717FBD /* LaunchImage.png in Resources */,
				98A3E96B1F575B41000297F7 /* icon512.png in Resources */,
				A77641C31F33EEFF00717FBD /* movieDBAttr.png in Resources */,
				A77641C91F33EEFF00717FBD /* NoPosterNew.png in Resources */,
				607FACE01AFB9204008FA782 /* LaunchScreen.xib in Resources */,
				A77641CE1F33F09000717FBD /* Main.storyboard in Resources */,
				A77641C81F33EEFF00717FBD /* NoPoster.png in Resources */,
				607FACDD1AFB9204008FA782 /* Images.xcassets in Resources */,
				98E73D341F5099F20059AEF1 /* womanProfile.png in Resources */,
				98E73D331F5099F20059AEF1 /* manProfile.png in Resources */,
			);
			runOnlyForDeploymentPostprocessing = 0;
		};
		607FACE31AFB9204008FA782 /* Resources */ = {
			isa = PBXResourcesBuildPhase;
			buildActionMask = 2147483647;
			files = (
			);
			runOnlyForDeploymentPostprocessing = 0;
		};
/* End PBXResourcesBuildPhase section */

/* Begin PBXShellScriptBuildPhase section */
		257F0799E599119AA0F4F52F /* [CP] Copy Pods Resources */ = {
			isa = PBXShellScriptBuildPhase;
			buildActionMask = 2147483647;
			files = (
			);
			inputPaths = (
			);
			name = "[CP] Copy Pods Resources";
			outputPaths = (
			);
			runOnlyForDeploymentPostprocessing = 0;
			shellPath = /bin/sh;
			shellScript = "\"${SRCROOT}/Pods/Target Support Files/Pods-TMDbFramework_Example/Pods-TMDbFramework_Example-resources.sh\"\n";
			showEnvVarsInLog = 0;
		};
		3514135AB4C2A404C3EF59E4 /* [CP] Embed Pods Frameworks */ = {
			isa = PBXShellScriptBuildPhase;
			buildActionMask = 2147483647;
			files = (
			);
			inputPaths = (
				"${SRCROOT}/Pods/Target Support Files/Pods-TMDbFramework_Tests/Pods-TMDbFramework_Tests-frameworks.sh",
				"${BUILT_PRODUCTS_DIR}/Nimble/Nimble.framework",
				"${BUILT_PRODUCTS_DIR}/Quick/Quick.framework",
			);
			name = "[CP] Embed Pods Frameworks";
			outputPaths = (
				"${TARGET_BUILD_DIR}/${FRAMEWORKS_FOLDER_PATH}/Nimble.framework",
				"${TARGET_BUILD_DIR}/${FRAMEWORKS_FOLDER_PATH}/Quick.framework",
			);
			runOnlyForDeploymentPostprocessing = 0;
			shellPath = /bin/sh;
			shellScript = "\"${SRCROOT}/Pods/Target Support Files/Pods-TMDbFramework_Tests/Pods-TMDbFramework_Tests-frameworks.sh\"\n";
			showEnvVarsInLog = 0;
		};
		3D4F1BEF2191451D1EECCE9C /* [CP] Copy Pods Resources */ = {
			isa = PBXShellScriptBuildPhase;
			buildActionMask = 2147483647;
			files = (
			);
			inputPaths = (
			);
			name = "[CP] Copy Pods Resources";
			outputPaths = (
			);
			runOnlyForDeploymentPostprocessing = 0;
			shellPath = /bin/sh;
			shellScript = "\"${SRCROOT}/Pods/Target Support Files/Pods-TMDbFramework_Tests/Pods-TMDbFramework_Tests-resources.sh\"\n";
			showEnvVarsInLog = 0;
		};
		5B26FCD5804DA89EE35725B8 /* [CP] Check Pods Manifest.lock */ = {
			isa = PBXShellScriptBuildPhase;
			buildActionMask = 2147483647;
			files = (
			);
			inputPaths = (
				"${PODS_PODFILE_DIR_PATH}/Podfile.lock",
				"${PODS_ROOT}/Manifest.lock",
			);
			name = "[CP] Check Pods Manifest.lock";
			outputPaths = (
				"$(DERIVED_FILE_DIR)/Pods-TMDbFramework_Tests-checkManifestLockResult.txt",
			);
			runOnlyForDeploymentPostprocessing = 0;
			shellPath = /bin/sh;
			shellScript = "diff \"${PODS_PODFILE_DIR_PATH}/Podfile.lock\" \"${PODS_ROOT}/Manifest.lock\" > /dev/null\nif [ $? != 0 ] ; then\n    # print error to STDERR\n    echo \"error: The sandbox is not in sync with the Podfile.lock. Run 'pod install' or update your CocoaPods installation.\" >&2\n    exit 1\nfi\n# This output is used by Xcode 'outputs' to avoid re-running this script phase.\necho \"SUCCESS\" > \"${SCRIPT_OUTPUT_FILE_0}\"\n";
			showEnvVarsInLog = 0;
		};
		889498531C7699FD24B7EEC8 /* [CP] Check Pods Manifest.lock */ = {
			isa = PBXShellScriptBuildPhase;
			buildActionMask = 2147483647;
			files = (
			);
			inputPaths = (
				"${PODS_PODFILE_DIR_PATH}/Podfile.lock",
				"${PODS_ROOT}/Manifest.lock",
			);
			name = "[CP] Check Pods Manifest.lock";
			outputPaths = (
				"$(DERIVED_FILE_DIR)/Pods-TMDbFramework_Example-checkManifestLockResult.txt",
			);
			runOnlyForDeploymentPostprocessing = 0;
			shellPath = /bin/sh;
			shellScript = "diff \"${PODS_PODFILE_DIR_PATH}/Podfile.lock\" \"${PODS_ROOT}/Manifest.lock\" > /dev/null\nif [ $? != 0 ] ; then\n    # print error to STDERR\n    echo \"error: The sandbox is not in sync with the Podfile.lock. Run 'pod install' or update your CocoaPods installation.\" >&2\n    exit 1\nfi\n# This output is used by Xcode 'outputs' to avoid re-running this script phase.\necho \"SUCCESS\" > \"${SCRIPT_OUTPUT_FILE_0}\"\n";
			showEnvVarsInLog = 0;
		};
		D34432DD12CE24F39CB7A21A /* [CP] Embed Pods Frameworks */ = {
			isa = PBXShellScriptBuildPhase;
			buildActionMask = 2147483647;
			files = (
			);
			inputPaths = (
				"${SRCROOT}/Pods/Target Support Files/Pods-TMDbFramework_Example/Pods-TMDbFramework_Example-frameworks.sh",
				"${BUILT_PRODUCTS_DIR}/Alamofire/Alamofire.framework",
				"${BUILT_PRODUCTS_DIR}/ChameleonFramework/ChameleonFramework.framework",
				"${BUILT_PRODUCTS_DIR}/Kingfisher/Kingfisher.framework",
				"${BUILT_PRODUCTS_DIR}/SwiftyJSON/SwiftyJSON.framework",
				"${BUILT_PRODUCTS_DIR}/TMDbFramework/TMDbFramework.framework",
			);
			name = "[CP] Embed Pods Frameworks";
			outputPaths = (
				"${TARGET_BUILD_DIR}/${FRAMEWORKS_FOLDER_PATH}/Alamofire.framework",
				"${TARGET_BUILD_DIR}/${FRAMEWORKS_FOLDER_PATH}/ChameleonFramework.framework",
				"${TARGET_BUILD_DIR}/${FRAMEWORKS_FOLDER_PATH}/Kingfisher.framework",
				"${TARGET_BUILD_DIR}/${FRAMEWORKS_FOLDER_PATH}/SwiftyJSON.framework",
				"${TARGET_BUILD_DIR}/${FRAMEWORKS_FOLDER_PATH}/TMDbFramework.framework",
			);
			runOnlyForDeploymentPostprocessing = 0;
			shellPath = /bin/sh;
			shellScript = "\"${SRCROOT}/Pods/Target Support Files/Pods-TMDbFramework_Example/Pods-TMDbFramework_Example-frameworks.sh\"\n";
			showEnvVarsInLog = 0;
		};
/* End PBXShellScriptBuildPhase section */

/* Begin PBXSourcesBuildPhase section */
		607FACCC1AFB9204008FA782 /* Sources */ = {
			isa = PBXSourcesBuildPhase;
			buildActionMask = 2147483647;
			files = (
				A77641AC1F33EEFF00717FBD /* AboutViewController.swift in Sources */,
				A70BF5491F4548C0005C3841 /* MovieListViewModel.swift in Sources */,
				A77641C61F33EEFF00717FBD /* MovieListViewCell.swift in Sources */,
				98F9B16F1F472ADA006F64D0 /* OverviewCell.swift in Sources */,
				98F9B1711F472AEA006F64D0 /* CastCell.swift in Sources */,
				A77641C71F33EEFF00717FBD /* MovieListViewController.swift in Sources */,
				A77641C41F33EEFF00717FBD /* MovieDetailViewController.swift in Sources */,
				98F9B1731F4752F1006F64D0 /* BaseCell.swift in Sources */,
				98229C6220628B72005ACE33 /* MovieDetailViewModel.swift in Sources */,
				607FACD61AFB9204008FA782 /* AppDelegate.swift in Sources */,
				A72855D41F4679610066408D /* BrackdropCell.swift in Sources */,
				98F9B16D1F472AC9006F64D0 /* ReleaseDateCell.swift in Sources */,
			);
			runOnlyForDeploymentPostprocessing = 0;
		};
		607FACE11AFB9204008FA782 /* Sources */ = {
			isa = PBXSourcesBuildPhase;
			buildActionMask = 2147483647;
			files = (
				98DFAF741F3CC275007212AD /* TMDbImageTest.swift in Sources */,
				980CDC1D1F3CE49E00025716 /* TMDbRetrierTest.swift in Sources */,
				9859A0CB1F3B894F00F8D37C /* TMDbConfigurationsTest.swift in Sources */,
				98A69F761F44DEC900116DEC /* TMDbCastTest.swift in Sources */,
				981FFF3A1F38FE03006FE8F5 /* TMDbGenreTest.swift in Sources */,
				A742DFED202D396300A77BDB /* TMDbPeopleTest.swift in Sources */,
				981FFF351F38E1A1006FE8F5 /* TMDbMoviesTest.swift in Sources */,
			);
			runOnlyForDeploymentPostprocessing = 0;
		};
/* End PBXSourcesBuildPhase section */

/* Begin PBXTargetDependency section */
		607FACE71AFB9204008FA782 /* PBXTargetDependency */ = {
			isa = PBXTargetDependency;
			target = 607FACCF1AFB9204008FA782 /* TMDbFramework_Example */;
			targetProxy = 607FACE61AFB9204008FA782 /* PBXContainerItemProxy */;
		};
/* End PBXTargetDependency section */

/* Begin PBXVariantGroup section */
		607FACDE1AFB9204008FA782 /* LaunchScreen.xib */ = {
			isa = PBXVariantGroup;
			children = (
				607FACDF1AFB9204008FA782 /* Base */,
			);
			name = LaunchScreen.xib;
			sourceTree = "<group>";
		};
/* End PBXVariantGroup section */

/* Begin XCBuildConfiguration section */
		607FACED1AFB9204008FA782 /* Debug */ = {
			isa = XCBuildConfiguration;
			buildSettings = {
				ALWAYS_SEARCH_USER_PATHS = NO;
				CLANG_CXX_LANGUAGE_STANDARD = "gnu++0x";
				CLANG_CXX_LIBRARY = "libc++";
				CLANG_ENABLE_MODULES = YES;
				CLANG_ENABLE_OBJC_ARC = YES;
				CLANG_WARN_BOOL_CONVERSION = YES;
				CLANG_WARN_CONSTANT_CONVERSION = YES;
				CLANG_WARN_DIRECT_OBJC_ISA_USAGE = YES_ERROR;
				CLANG_WARN_EMPTY_BODY = YES;
				CLANG_WARN_ENUM_CONVERSION = YES;
				CLANG_WARN_INFINITE_RECURSION = YES;
				CLANG_WARN_INT_CONVERSION = YES;
				CLANG_WARN_OBJC_ROOT_CLASS = YES_ERROR;
				CLANG_WARN_SUSPICIOUS_MOVE = YES;
				CLANG_WARN_UNREACHABLE_CODE = YES;
				CLANG_WARN__DUPLICATE_METHOD_MATCH = YES;
				"CODE_SIGN_IDENTITY[sdk=iphoneos*]" = "iPhone Developer";
				COPY_PHASE_STRIP = NO;
				DEBUG_INFORMATION_FORMAT = "dwarf-with-dsym";
				ENABLE_STRICT_OBJC_MSGSEND = YES;
				ENABLE_TESTABILITY = YES;
				GCC_C_LANGUAGE_STANDARD = gnu99;
				GCC_DYNAMIC_NO_PIC = NO;
				GCC_NO_COMMON_BLOCKS = YES;
				GCC_OPTIMIZATION_LEVEL = 0;
				GCC_PREPROCESSOR_DEFINITIONS = (
					"DEBUG=1",
					"$(inherited)",
				);
				GCC_SYMBOLS_PRIVATE_EXTERN = NO;
				GCC_WARN_64_TO_32_BIT_CONVERSION = YES;
				GCC_WARN_ABOUT_RETURN_TYPE = YES_ERROR;
				GCC_WARN_UNDECLARED_SELECTOR = YES;
				GCC_WARN_UNINITIALIZED_AUTOS = YES_AGGRESSIVE;
				GCC_WARN_UNUSED_FUNCTION = YES;
				GCC_WARN_UNUSED_VARIABLE = YES;
				IPHONEOS_DEPLOYMENT_TARGET = 8.3;
				MTL_ENABLE_DEBUG_INFO = YES;
				ONLY_ACTIVE_ARCH = YES;
				SDKROOT = iphoneos;
				SWIFT_OPTIMIZATION_LEVEL = "-Onone";
			};
			name = Debug;
		};
		607FACEE1AFB9204008FA782 /* Release */ = {
			isa = XCBuildConfiguration;
			buildSettings = {
				ALWAYS_SEARCH_USER_PATHS = NO;
				CLANG_CXX_LANGUAGE_STANDARD = "gnu++0x";
				CLANG_CXX_LIBRARY = "libc++";
				CLANG_ENABLE_MODULES = YES;
				CLANG_ENABLE_OBJC_ARC = YES;
				CLANG_WARN_BOOL_CONVERSION = YES;
				CLANG_WARN_CONSTANT_CONVERSION = YES;
				CLANG_WARN_DIRECT_OBJC_ISA_USAGE = YES_ERROR;
				CLANG_WARN_EMPTY_BODY = YES;
				CLANG_WARN_ENUM_CONVERSION = YES;
				CLANG_WARN_INFINITE_RECURSION = YES;
				CLANG_WARN_INT_CONVERSION = YES;
				CLANG_WARN_OBJC_ROOT_CLASS = YES_ERROR;
				CLANG_WARN_SUSPICIOUS_MOVE = YES;
				CLANG_WARN_UNREACHABLE_CODE = YES;
				CLANG_WARN__DUPLICATE_METHOD_MATCH = YES;
				"CODE_SIGN_IDENTITY[sdk=iphoneos*]" = "iPhone Developer";
				COPY_PHASE_STRIP = NO;
				DEBUG_INFORMATION_FORMAT = "dwarf-with-dsym";
				ENABLE_NS_ASSERTIONS = NO;
				ENABLE_STRICT_OBJC_MSGSEND = YES;
				GCC_C_LANGUAGE_STANDARD = gnu99;
				GCC_NO_COMMON_BLOCKS = YES;
				GCC_WARN_64_TO_32_BIT_CONVERSION = YES;
				GCC_WARN_ABOUT_RETURN_TYPE = YES_ERROR;
				GCC_WARN_UNDECLARED_SELECTOR = YES;
				GCC_WARN_UNINITIALIZED_AUTOS = YES_AGGRESSIVE;
				GCC_WARN_UNUSED_FUNCTION = YES;
				GCC_WARN_UNUSED_VARIABLE = YES;
				IPHONEOS_DEPLOYMENT_TARGET = 8.3;
				MTL_ENABLE_DEBUG_INFO = NO;
				SDKROOT = iphoneos;
				SWIFT_OPTIMIZATION_LEVEL = "-Owholemodule";
				VALIDATE_PRODUCT = YES;
			};
			name = Release;
		};
		607FACF01AFB9204008FA782 /* Debug */ = {
			isa = XCBuildConfiguration;
			baseConfigurationReference = 06E3734D34D593D7FA991F83 /* Pods-TMDbFramework_Example.debug.xcconfig */;
			buildSettings = {
				ASSETCATALOG_COMPILER_APPICON_NAME = AppIcon;
				DEVELOPMENT_TEAM = K2EC4B8BC2;
				INFOPLIST_FILE = TMDbFramework/Info.plist;
				IPHONEOS_DEPLOYMENT_TARGET = 10.0;
				LD_RUNPATH_SEARCH_PATHS = "$(inherited) @executable_path/Frameworks";
				MODULE_NAME = ExampleApp;
				OTHER_SWIFT_FLAGS = "$(inherited) \"-D\" \"COCOAPODS\" -Xfrontend -debug-time-function-bodies";
				PRODUCT_BUNDLE_IDENTIFIER = "org.cocoapods.demo.$(PRODUCT_NAME:rfc1034identifier)";
				PRODUCT_NAME = "$(TARGET_NAME)";
				SWIFT_VERSION = 3.0;
			};
			name = Debug;
		};
		607FACF11AFB9204008FA782 /* Release */ = {
			isa = XCBuildConfiguration;
			baseConfigurationReference = 2406B7BC29060D12FA368BB4 /* Pods-TMDbFramework_Example.release.xcconfig */;
			buildSettings = {
				ASSETCATALOG_COMPILER_APPICON_NAME = AppIcon;
				DEVELOPMENT_TEAM = K2EC4B8BC2;
				INFOPLIST_FILE = TMDbFramework/Info.plist;
				IPHONEOS_DEPLOYMENT_TARGET = 10.0;
				LD_RUNPATH_SEARCH_PATHS = "$(inherited) @executable_path/Frameworks";
				MODULE_NAME = ExampleApp;
				PRODUCT_BUNDLE_IDENTIFIER = "org.cocoapods.demo.$(PRODUCT_NAME:rfc1034identifier)";
				PRODUCT_NAME = "$(TARGET_NAME)";
				SWIFT_VERSION = 3.0;
			};
			name = Release;
		};
		607FACF31AFB9204008FA782 /* Debug */ = {
			isa = XCBuildConfiguration;
			baseConfigurationReference = 0AC24BC84B239B06C942D0EB /* Pods-TMDbFramework_Tests.debug.xcconfig */;
			buildSettings = {
				BUNDLE_LOADER = "$(TEST_HOST)";
				DEVELOPMENT_TEAM = K2EC4B8BC2;
				FRAMEWORK_SEARCH_PATHS = (
					"$(SDKROOT)/Developer/Library/Frameworks",
					"$(inherited)",
				);
				GCC_PREPROCESSOR_DEFINITIONS = (
					"DEBUG=1",
					"$(inherited)",
				);
				INFOPLIST_FILE = Tests/Info.plist;
				LD_RUNPATH_SEARCH_PATHS = "$(inherited) @executable_path/Frameworks @loader_path/Frameworks";
				PRODUCT_BUNDLE_IDENTIFIER = "org.cocoapods.$(PRODUCT_NAME:rfc1034identifier)";
				PRODUCT_NAME = "$(TARGET_NAME)";
				SWIFT_VERSION = 3.0;
				TEST_HOST = "$(BUILT_PRODUCTS_DIR)/TMDbFramework_Example.app/TMDbFramework_Example";
			};
			name = Debug;
		};
		607FACF41AFB9204008FA782 /* Release */ = {
			isa = XCBuildConfiguration;
			baseConfigurationReference = C0D6812ABAA734AE4D39A7C9 /* Pods-TMDbFramework_Tests.release.xcconfig */;
			buildSettings = {
				BUNDLE_LOADER = "$(TEST_HOST)";
				DEVELOPMENT_TEAM = K2EC4B8BC2;
				FRAMEWORK_SEARCH_PATHS = (
					"$(SDKROOT)/Developer/Library/Frameworks",
					"$(inherited)",
				);
				INFOPLIST_FILE = Tests/Info.plist;
				LD_RUNPATH_SEARCH_PATHS = "$(inherited) @executable_path/Frameworks @loader_path/Frameworks";
				PRODUCT_BUNDLE_IDENTIFIER = "org.cocoapods.$(PRODUCT_NAME:rfc1034identifier)";
				PRODUCT_NAME = "$(TARGET_NAME)";
				SWIFT_VERSION = 3.0;
				TEST_HOST = "$(BUILT_PRODUCTS_DIR)/TMDbFramework_Example.app/TMDbFramework_Example";
			};
			name = Release;
		};
/* End XCBuildConfiguration section */

/* Begin XCConfigurationList section */
		607FACCB1AFB9204008FA782 /* Build configuration list for PBXProject "TMDbFramework" */ = {
			isa = XCConfigurationList;
			buildConfigurations = (
				607FACED1AFB9204008FA782 /* Debug */,
				607FACEE1AFB9204008FA782 /* Release */,
			);
			defaultConfigurationIsVisible = 0;
			defaultConfigurationName = Release;
		};
		607FACEF1AFB9204008FA782 /* Build configuration list for PBXNativeTarget "TMDbFramework_Example" */ = {
			isa = XCConfigurationList;
			buildConfigurations = (
				607FACF01AFB9204008FA782 /* Debug */,
				607FACF11AFB9204008FA782 /* Release */,
			);
			defaultConfigurationIsVisible = 0;
			defaultConfigurationName = Release;
		};
		607FACF21AFB9204008FA782 /* Build configuration list for PBXNativeTarget "TMDbFramework_Tests" */ = {
			isa = XCConfigurationList;
			buildConfigurations = (
				607FACF31AFB9204008FA782 /* Debug */,
				607FACF41AFB9204008FA782 /* Release */,
			);
			defaultConfigurationIsVisible = 0;
			defaultConfigurationName = Release;
		};
/* End XCConfigurationList section */
	};
	rootObject = 607FACC81AFB9204008FA782 /* Project object */;
}
